
Microsoft Visual Studio Solution File, Format Version 12.00
# Visual Studio Version 16
VisualStudioVersion = 16.0.30804.86
MinimumVisualStudioVersion = 10.0.40219.1
Project("{FAE04EC0-301F-11D3-BF4B-00C04F79EFBC}") = "CarPriceAndTotal", "CarPriceAndTotal\CarPriceAndTotal.csproj", "{C3AD5307-70A4-4B58-84DC-3D71DC7E1A39}"
EndProject
Global
	GlobalSection(SolutionConfigurationPlatforms) = preSolution
		Debug|Any CPU = Debug|Any CPU
		Release|Any CPU = Release|Any CPU
	EndGlobalSection
	GlobalSection(ProjectConfigurationPlatforms) = postSolution
		{C3AD5307-70A4-4B58-84DC-3D71DC7E1A39}.Debug|Any CPU.ActiveCfg = Debug|Any CPU
		{C3AD5307-70A4-4B58-84DC-3D71DC7E1A39}.Debug|Any CPU.Build.0 = Debug|Any CPU
		{C3AD5307-70A4-4B58-84DC-3D71DC7E1A39}.Release|Any CPU.ActiveCfg = Release|Any CPU
		{C3AD5307-70A4-4B58-84DC-3D71DC7E1A39}.Release|Any CPU.Build.0 = Release|Any CPU
	EndGlobalSection
	GlobalSection(SolutionProperties) = preSolution
		HideSolutionNode = FALSE
	EndGlobalSection
	GlobalSection(ExtensibilityGlobals) = postSolution
		SolutionGuid = {11A4A40F-68FB-4699-B702-E05793B77768}
	EndGlobalSection
EndGlobal
